
Microsoft Visual Studio Solution File, Format Version 12.00
# Visual Studio Version 17
VisualStudioVersion = 17.3.32825.248
MinimumVisualStudioVersion = 10.0.40219.1
Project("{FAE04EC0-301F-11D3-BF4B-00C04F79EFBC}") = "InSys", "InSys\InSys.csproj", "{8D0C6211-E0A6-4FBF-84EC-77E44240A315}"
EndProject
Project("{FAE04EC0-301F-11D3-BF4B-00C04F79EFBC}") = "DataAccessLibrary", "DataAccessLibrary\DataAccessLibrary.csproj", "{5D9169EE-6FA0-4BDC-BE7F-5A49AE550F99}"
EndProject
Project("{FAE04EC0-301F-11D3-BF4B-00C04F79EFBC}") = "ResultHelper", "ResultHelper\ResultHelper.csproj", "{98C948C0-3589-4B86-9B86-406C00C91B9D}"
EndProject
Project("{FAE04EC0-301F-11D3-BF4B-00C04F79EFBC}") = "RaffleUI", "RaffleUI\RaffleUI.csproj", "{E2063B82-CB40-48C4-B777-431BC731013F}"
EndProject
Project("{FAE04EC0-301F-11D3-BF4B-00C04F79EFBC}") = "UserMan", "UserMan\UserMan.csproj", "{4D36556C-D91D-44D3-AC5E-1D631A3AE5D3}"
EndProject
Global
	GlobalSection(SolutionConfigurationPlatforms) = preSolution
		Debug|Any CPU = Debug|Any CPU
		Release|Any CPU = Release|Any CPU
	EndGlobalSection
	GlobalSection(ProjectConfigurationPlatforms) = postSolution
		{8D0C6211-E0A6-4FBF-84EC-77E44240A315}.Debug|Any CPU.ActiveCfg = Debug|Any CPU
		{8D0C6211-E0A6-4FBF-84EC-77E44240A315}.Debug|Any CPU.Build.0 = Debug|Any CPU
		{8D0C6211-E0A6-4FBF-84EC-77E44240A315}.Release|Any CPU.ActiveCfg = Release|Any CPU
		{8D0C6211-E0A6-4FBF-84EC-77E44240A315}.Release|Any CPU.Build.0 = Release|Any CPU
		{5D9169EE-6FA0-4BDC-BE7F-5A49AE550F99}.Debug|Any CPU.ActiveCfg = Debug|Any CPU
		{5D9169EE-6FA0-4BDC-BE7F-5A49AE550F99}.Debug|Any CPU.Build.0 = Debug|Any CPU
		{5D9169EE-6FA0-4BDC-BE7F-5A49AE550F99}.Release|Any CPU.ActiveCfg = Release|Any CPU
		{5D9169EE-6FA0-4BDC-BE7F-5A49AE550F99}.Release|Any CPU.Build.0 = Release|Any CPU
		{98C948C0-3589-4B86-9B86-406C00C91B9D}.Debug|Any CPU.ActiveCfg = Debug|Any CPU
		{98C948C0-3589-4B86-9B86-406C00C91B9D}.Debug|Any CPU.Build.0 = Debug|Any CPU
		{98C948C0-3589-4B86-9B86-406C00C91B9D}.Release|Any CPU.ActiveCfg = Release|Any CPU
		{98C948C0-3589-4B86-9B86-406C00C91B9D}.Release|Any CPU.Build.0 = Release|Any CPU
		{E2063B82-CB40-48C4-B777-431BC731013F}.Debug|Any CPU.ActiveCfg = Debug|Any CPU
		{E2063B82-CB40-48C4-B777-431BC731013F}.Debug|Any CPU.Build.0 = Debug|Any CPU
		{E2063B82-CB40-48C4-B777-431BC731013F}.Release|Any CPU.ActiveCfg = Release|Any CPU
		{E2063B82-CB40-48C4-B777-431BC731013F}.Release|Any CPU.Build.0 = Release|Any CPU
		{4D36556C-D91D-44D3-AC5E-1D631A3AE5D3}.Debug|Any CPU.ActiveCfg = Debug|Any CPU
		{4D36556C-D91D-44D3-AC5E-1D631A3AE5D3}.Debug|Any CPU.Build.0 = Debug|Any CPU
		{4D36556C-D91D-44D3-AC5E-1D631A3AE5D3}.Release|Any CPU.ActiveCfg = Release|Any CPU
		{4D36556C-D91D-44D3-AC5E-1D631A3AE5D3}.Release|Any CPU.Build.0 = Release|Any CPU
	EndGlobalSection
	GlobalSection(SolutionProperties) = preSolution
		HideSolutionNode = FALSE
	EndGlobalSection
	GlobalSection(ExtensibilityGlobals) = postSolution
		SolutionGuid = {8E4AF7B9-9881-4ADA-99EA-B4A318DBEEBA}
	EndGlobalSection
EndGlobal
